{
  "name": "openapi-publish",
  "version": "1.0.0",
  "lockfileVersion": 2,
  "requires": true,
  "packages": {
    "": {
      "name": "openapi-publish",
      "version": "1.0.0",
      "license": "ISC",
      "dependencies": {
        "openapi-format": "^1.31.0"
      }
    },
    "node_modules/api-ref-bundler": {
      "version": "0.5.1",
      "resolved": "https://registry.npmjs.org/api-ref-bundler/-/api-ref-bundler-0.5.1.tgz",
      "integrity": "sha512-g5YOyKvQVDaTpRpDEmRtnAWZbi1Ur/i9qPJRVf6l9wafg+LJuJn6Aze+wI9h+1qpUSgvLE1CGCiOFlrrBwYEyg==",
      "dependencies": {
        "json-crawl": "0.4.2"
      },
      "engines": {
        "node": ">=18.0.0"
      }
    },
    "node_modules/case-anything": {
      "version": "2.1.10",
      "resolved": "https://registry.npmjs.org/case-anything/-/case-anything-2.1.10.tgz",
      "integrity": "sha512-JczJwVrCP0jPKh05McyVsuOg6AYosrB9XWZKbQzXeDAm2ClE/PJE/BcrrQrVyGYH7Jg8V/LDupmyL4kFlVsVFQ==",
      "engines": {
        "node": ">=12.13"
      },
      "funding": {
        "url": "https://github.com/sponsors/mesqueeb"
      }
    },
    "node_modules/json-crawl": {
      "version": "0.4.2",
      "resolved": "https://registry.npmjs.org/json-crawl/-/json-crawl-0.4.2.tgz",
      "integrity": "sha512-MOKk9cjtpMrP4H1DmG+PtS7aFWg9OuSqxc/wpFcOE++yVnD5Bi5iKoXD6oqs+kltRwJRgZBYMozRNpQpxD/TJw==",
      "engines": {
        "node": ">=14.0.0"
      }
    },
    "node_modules/jsonpathly": {
      "version": "3.0.0",
      "resolved": "https://registry.npmjs.org/jsonpathly/-/jsonpathly-3.0.0.tgz",
      "integrity": "sha512-1MCCdv1BJpniRPyXC8x3ofJJyZ1DpVYZtw4dRJBYNW98q8H21hV55l2bfuOHKuSCBXLXl6fPre9jcBwJxjE+ZA==",
      "engines": {
        "node": ">=18"
      }
    },
    "node_modules/neotraverse": {
      "version": "0.6.18",
      "resolved": "https://registry.npmjs.org/neotraverse/-/neotraverse-0.6.18.tgz",
      "integrity": "sha512-Z4SmBUweYa09+o6pG+eASabEpP6QkQ70yHj351pQoEXIs8uHbaU2DWVmzBANKgflPa47A50PtB2+NgRpQvr7vA==",
      "engines": {
        "node": ">= 10"
      }
    },
    "node_modules/openapi-format": {
      "version": "1.31.0",
      "resolved": "https://registry.npmjs.org/openapi-format/-/openapi-format-1.31.0.tgz",
      "integrity": "sha512-LdbwjMSx7D+6A/s8uJpH3vkDNVpEMMtyXmrpebssjXv6EDmakjjMApWintayiEIkQNhS5Vcxy8Xk0btk+4KO/g==",
      "dependencies": {
        "api-ref-bundler": "^0.5.1",
        "case-anything": "2.1.10",
        "jsonpathly": "^3.0.0",
        "neotraverse": "^0.6.18",
        "yaml": "^2.8.3"
      },
      "bin": {
        "openapi-format": "bin/cli.js"
      },
      "engines": {
        "node": ">=18"
      }
    },
    "node_modules/yaml": {
      "version": "2.8.3",
      "resolved": "https://registry.npmjs.org/yaml/-/yaml-2.8.3.tgz",
      "integrity": "sha512-AvbaCLOO2Otw/lW5bmh9d/WEdcDFdQp2Z2ZUH3pX9U2ihyUY0nvLv7J6TrWowklRGPYbB/IuIMfYgxaCPg5Bpg==",
      "bin": {
        "yaml": "bin.mjs"
      },
      "engines": {
        "node": ">= 14.6"
      },
      "funding": {
        "url": "https://github.com/sponsors/eemeli"
      }
    }
  },
  "dependencies": {
    "api-ref-bundler": {
      "version": "0.5.1",
      "resolved": "https://registry.npmjs.org/api-ref-bundler/-/api-ref-bundler-0.5.1.tgz",
      "integrity": "sha512-g5YOyKvQVDaTpRpDEmRtnAWZbi1Ur/i9qPJRVf6l9wafg+LJuJn6Aze+wI9h+1qpUSgvLE1CGCiOFlrrBwYEyg==",
      "requires": {
        "json-crawl": "0.4.2"
      }
    },
    "case-anything": {
      "version": "2.1.10",
      "resolved": "https://registry.npmjs.org/case-anything/-/case-anything-2.1.10.tgz",
      "integrity": "sha512-JczJwVrCP0jPKh05McyVsuOg6AYosrB9XWZKbQzXeDAm2ClE/PJE/BcrrQrVyGYH7Jg8V/LDupmyL4kFlVsVFQ=="
    },
    "json-crawl": {
      "version": "0.4.2",
      "resolved": "https://registry.npmjs.org/json-crawl/-/json-crawl-0.4.2.tgz",
      "integrity": "sha512-MOKk9cjtpMrP4H1DmG+PtS7aFWg9OuSqxc/wpFcOE++yVnD5Bi5iKoXD6oqs+kltRwJRgZBYMozRNpQpxD/TJw=="
    },
    "jsonpathly": {
      "version": "3.0.0",
      "resolved": "https://registry.npmjs.org/jsonpathly/-/jsonpathly-3.0.0.tgz",
      "integrity": "sha512-1MCCdv1BJpniRPyXC8x3ofJJyZ1DpVYZtw4dRJBYNW98q8H21hV55l2bfuOHKuSCBXLXl6fPre9jcBwJxjE+ZA=="
    },
    "neotraverse": {
      "version": "0.6.18",
      "resolved": "https://registry.npmjs.org/neotraverse/-/neotraverse-0.6.18.tgz",
      "integrity": "sha512-Z4SmBUweYa09+o6pG+eASabEpP6QkQ70yHj351pQoEXIs8uHbaU2DWVmzBANKgflPa47A50PtB2+NgRpQvr7vA=="
    },
    "openapi-format": {
      "version": "1.31.0",
      "resolved": "https://registry.npmjs.org/openapi-format/-/openapi-format-1.31.0.tgz",
      "integrity": "sha512-LdbwjMSx7D+6A/s8uJpH3vkDNVpEMMtyXmrpebssjXv6EDmakjjMApWintayiEIkQNhS5Vcxy8Xk0btk+4KO/g==",
      "requires": {
        "api-ref-bundler": "^0.5.1",
        "case-anything": "2.1.10",
        "jsonpathly": "^3.0.0",
        "neotraverse": "^0.6.18",
        "yaml": "^2.8.3"
      }
    },
    "yaml": {
      "version": "2.8.3",
      "resolved": "https://registry.npmjs.org/yaml/-/yaml-2.8.3.tgz",
      "integrity": "sha512-AvbaCLOO2Otw/lW5bmh9d/WEdcDFdQp2Z2ZUH3pX9U2ihyUY0nvLv7J6TrWowklRGPYbB/IuIMfYgxaCPg5Bpg=="
    }
  }
}
