{
  "name": "openapi-publish",
  "version": "1.0.0",
  "lockfileVersion": 2,
  "requires": true,
  "packages": {
    "": {
      "name": "openapi-publish",
      "version": "1.0.0",
      "license": "ISC",
      "dependencies": {
        "openapi-format": "^1.23.2"
      }
    },
    "node_modules/@stoplight/ordered-object-literal": {
      "version": "1.0.5",
      "resolved": "https://registry.npmjs.org/@stoplight/ordered-object-literal/-/ordered-object-literal-1.0.5.tgz",
      "integrity": "sha512-COTiuCU5bgMUtbIFBuyyh2/yVVzlr5Om0v5utQDgBCuQUOPgU1DwoffkTfg4UBQOvByi5foF4w4T+H9CoRe5wg==",
      "engines": {
        "node": ">=8"
      }
    },
    "node_modules/@stoplight/types": {
      "version": "14.1.1",
      "resolved": "https://registry.npmjs.org/@stoplight/types/-/types-14.1.1.tgz",
      "integrity": "sha512-/kjtr+0t0tjKr+heVfviO9FrU/uGLc+QNX3fHJc19xsCNYqU7lVhaXxDmEID9BZTjG+/r9pK9xP/xU02XGg65g==",
      "dependencies": {
        "@types/json-schema": "^7.0.4",
        "utility-types": "^3.10.0"
      },
      "engines": {
        "node": "^12.20 || >=14.13"
      }
    },
    "node_modules/@stoplight/yaml": {
      "version": "4.3.0",
      "resolved": "https://registry.npmjs.org/@stoplight/yaml/-/yaml-4.3.0.tgz",
      "integrity": "sha512-JZlVFE6/dYpP9tQmV0/ADfn32L9uFarHWxfcRhReKUnljz1ZiUM5zpX+PH8h5CJs6lao3TuFqnPm9IJJCEkE2w==",
      "dependencies": {
        "@stoplight/ordered-object-literal": "^1.0.5",
        "@stoplight/types": "^14.1.1",
        "@stoplight/yaml-ast-parser": "0.0.50",
        "tslib": "^2.2.0"
      },
      "engines": {
        "node": ">=10.8"
      }
    },
    "node_modules/@stoplight/yaml-ast-parser": {
      "version": "0.0.50",
      "resolved": "https://registry.npmjs.org/@stoplight/yaml-ast-parser/-/yaml-ast-parser-0.0.50.tgz",
      "integrity": "sha512-Pb6M8TDO9DtSVla9yXSTAxmo9GVEouq5P40DWXdOie69bXogZTkgvopCq+yEvTMA0F6PEvdJmbtTV3ccIp11VQ=="
    },
    "node_modules/@types/json-schema": {
      "version": "7.0.15",
      "resolved": "https://registry.npmjs.org/@types/json-schema/-/json-schema-7.0.15.tgz",
      "integrity": "sha512-5+fP8P8MFNC+AyZCDxrB2pkZFPGzqQWUzpSeuuVLvm8VMcorNYavBqoFcxK8bQz4Qsbn4oUEEem4wDLfcysGHA=="
    },
    "node_modules/case-anything": {
      "version": "2.1.10",
      "resolved": "https://registry.npmjs.org/case-anything/-/case-anything-2.1.10.tgz",
      "integrity": "sha512-JczJwVrCP0jPKh05McyVsuOg6AYosrB9XWZKbQzXeDAm2ClE/PJE/BcrrQrVyGYH7Jg8V/LDupmyL4kFlVsVFQ==",
      "engines": {
        "node": ">=12.13"
      },
      "funding": {
        "url": "https://github.com/sponsors/mesqueeb"
      }
    },
    "node_modules/commander": {
      "version": "7.2.0",
      "resolved": "https://registry.npmjs.org/commander/-/commander-7.2.0.tgz",
      "integrity": "sha512-QrWXB+ZQSVPmIWIhtEO9H+gwHaMGYiF5ChvoJ+K9ZGHG/sVsa6yiesAD1GC/x46sET00Xlwo1u49RVVVzvcSkw==",
      "engines": {
        "node": ">= 10"
      }
    },
    "node_modules/neotraverse": {
      "version": "0.6.18",
      "resolved": "https://registry.npmjs.org/neotraverse/-/neotraverse-0.6.18.tgz",
      "integrity": "sha512-Z4SmBUweYa09+o6pG+eASabEpP6QkQ70yHj351pQoEXIs8uHbaU2DWVmzBANKgflPa47A50PtB2+NgRpQvr7vA==",
      "engines": {
        "node": ">= 10"
      }
    },
    "node_modules/openapi-format": {
      "version": "1.23.2",
      "resolved": "https://registry.npmjs.org/openapi-format/-/openapi-format-1.23.2.tgz",
      "integrity": "sha512-97JMSdcwdzFWVbi3IddYFZMnHgj3nVuh0fo9LxdGOYvJnwogvxuLl3TPuCZXeo+Pukw1pXNObVpn9owZK8inlw==",
      "dependencies": {
        "@stoplight/yaml": "^4.3.0",
        "case-anything": "2.1.10",
        "commander": "^7.2.0",
        "neotraverse": "^0.6.18"
      },
      "bin": {
        "openapi-format": "bin/cli.js"
      },
      "engines": {
        "node": ">=18"
      }
    },
    "node_modules/tslib": {
      "version": "2.7.0",
      "resolved": "https://registry.npmjs.org/tslib/-/tslib-2.7.0.tgz",
      "integrity": "sha512-gLXCKdN1/j47AiHiOkJN69hJmcbGTHI0ImLmbYLHykhgeN0jVGola9yVjFgzCUklsZQMW55o+dW7IXv3RCXDzA=="
    },
    "node_modules/utility-types": {
      "version": "3.11.0",
      "resolved": "https://registry.npmjs.org/utility-types/-/utility-types-3.11.0.tgz",
      "integrity": "sha512-6Z7Ma2aVEWisaL6TvBCy7P8rm2LQoPv6dJ7ecIaIixHcwfbJ0x7mWdbcwlIM5IGQxPZSFYeqRCqlOOeKoJYMkw==",
      "engines": {
        "node": ">= 4"
      }
    }
  },
  "dependencies": {
    "@stoplight/ordered-object-literal": {
      "version": "1.0.5",
      "resolved": "https://registry.npmjs.org/@stoplight/ordered-object-literal/-/ordered-object-literal-1.0.5.tgz",
      "integrity": "sha512-COTiuCU5bgMUtbIFBuyyh2/yVVzlr5Om0v5utQDgBCuQUOPgU1DwoffkTfg4UBQOvByi5foF4w4T+H9CoRe5wg=="
    },
    "@stoplight/types": {
      "version": "14.1.1",
      "resolved": "https://registry.npmjs.org/@stoplight/types/-/types-14.1.1.tgz",
      "integrity": "sha512-/kjtr+0t0tjKr+heVfviO9FrU/uGLc+QNX3fHJc19xsCNYqU7lVhaXxDmEID9BZTjG+/r9pK9xP/xU02XGg65g==",
      "requires": {
        "@types/json-schema": "^7.0.4",
        "utility-types": "^3.10.0"
      }
    },
    "@stoplight/yaml": {
      "version": "4.3.0",
      "resolved": "https://registry.npmjs.org/@stoplight/yaml/-/yaml-4.3.0.tgz",
      "integrity": "sha512-JZlVFE6/dYpP9tQmV0/ADfn32L9uFarHWxfcRhReKUnljz1ZiUM5zpX+PH8h5CJs6lao3TuFqnPm9IJJCEkE2w==",
      "requires": {
        "@stoplight/ordered-object-literal": "^1.0.5",
        "@stoplight/types": "^14.1.1",
        "@stoplight/yaml-ast-parser": "0.0.50",
        "tslib": "^2.2.0"
      }
    },
    "@stoplight/yaml-ast-parser": {
      "version": "0.0.50",
      "resolved": "https://registry.npmjs.org/@stoplight/yaml-ast-parser/-/yaml-ast-parser-0.0.50.tgz",
      "integrity": "sha512-Pb6M8TDO9DtSVla9yXSTAxmo9GVEouq5P40DWXdOie69bXogZTkgvopCq+yEvTMA0F6PEvdJmbtTV3ccIp11VQ=="
    },
    "@types/json-schema": {
      "version": "7.0.15",
      "resolved": "https://registry.npmjs.org/@types/json-schema/-/json-schema-7.0.15.tgz",
      "integrity": "sha512-5+fP8P8MFNC+AyZCDxrB2pkZFPGzqQWUzpSeuuVLvm8VMcorNYavBqoFcxK8bQz4Qsbn4oUEEem4wDLfcysGHA=="
    },
    "case-anything": {
      "version": "2.1.10",
      "resolved": "https://registry.npmjs.org/case-anything/-/case-anything-2.1.10.tgz",
      "integrity": "sha512-JczJwVrCP0jPKh05McyVsuOg6AYosrB9XWZKbQzXeDAm2ClE/PJE/BcrrQrVyGYH7Jg8V/LDupmyL4kFlVsVFQ=="
    },
    "commander": {
      "version": "7.2.0",
      "resolved": "https://registry.npmjs.org/commander/-/commander-7.2.0.tgz",
      "integrity": "sha512-QrWXB+ZQSVPmIWIhtEO9H+gwHaMGYiF5ChvoJ+K9ZGHG/sVsa6yiesAD1GC/x46sET00Xlwo1u49RVVVzvcSkw=="
    },
    "neotraverse": {
      "version": "0.6.18",
      "resolved": "https://registry.npmjs.org/neotraverse/-/neotraverse-0.6.18.tgz",
      "integrity": "sha512-Z4SmBUweYa09+o6pG+eASabEpP6QkQ70yHj351pQoEXIs8uHbaU2DWVmzBANKgflPa47A50PtB2+NgRpQvr7vA=="
    },
    "openapi-format": {
      "version": "1.23.2",
      "resolved": "https://registry.npmjs.org/openapi-format/-/openapi-format-1.23.2.tgz",
      "integrity": "sha512-97JMSdcwdzFWVbi3IddYFZMnHgj3nVuh0fo9LxdGOYvJnwogvxuLl3TPuCZXeo+Pukw1pXNObVpn9owZK8inlw==",
      "requires": {
        "@stoplight/yaml": "^4.3.0",
        "case-anything": "2.1.10",
        "commander": "^7.2.0",
        "neotraverse": "^0.6.18"
      }
    },
    "tslib": {
      "version": "2.7.0",
      "resolved": "https://registry.npmjs.org/tslib/-/tslib-2.7.0.tgz",
      "integrity": "sha512-gLXCKdN1/j47AiHiOkJN69hJmcbGTHI0ImLmbYLHykhgeN0jVGola9yVjFgzCUklsZQMW55o+dW7IXv3RCXDzA=="
    },
    "utility-types": {
      "version": "3.11.0",
      "resolved": "https://registry.npmjs.org/utility-types/-/utility-types-3.11.0.tgz",
      "integrity": "sha512-6Z7Ma2aVEWisaL6TvBCy7P8rm2LQoPv6dJ7ecIaIixHcwfbJ0x7mWdbcwlIM5IGQxPZSFYeqRCqlOOeKoJYMkw=="
    }
  }
}
