{
  "name": "openapi-publish",
  "version": "1.0.0",
  "lockfileVersion": 2,
  "requires": true,
  "packages": {
    "": {
      "name": "openapi-publish",
      "version": "1.0.0",
      "license": "ISC",
      "dependencies": {
        "openapi-format": "^1.25.4"
      }
    },
    "node_modules/@jsep-plugin/assignment": {
      "version": "1.3.0",
      "resolved": "https://registry.npmjs.org/@jsep-plugin/assignment/-/assignment-1.3.0.tgz",
      "integrity": "sha512-VVgV+CXrhbMI3aSusQyclHkenWSAm95WaiKrMxRFam3JSUiIaQjoMIw2sEs/OX4XifnqeQUN4DYbJjlA8EfktQ==",
      "license": "MIT",
      "engines": {
        "node": ">= 10.16.0"
      },
      "peerDependencies": {
        "jsep": "^0.4.0||^1.0.0"
      }
    },
    "node_modules/@jsep-plugin/regex": {
      "version": "1.0.4",
      "resolved": "https://registry.npmjs.org/@jsep-plugin/regex/-/regex-1.0.4.tgz",
      "integrity": "sha512-q7qL4Mgjs1vByCaTnDFcBnV9HS7GVPJX5vyVoCgZHNSC9rjwIlmbXG5sUuorR5ndfHAIlJ8pVStxvjXHbNvtUg==",
      "license": "MIT",
      "engines": {
        "node": ">= 10.16.0"
      },
      "peerDependencies": {
        "jsep": "^0.4.0||^1.0.0"
      }
    },
    "node_modules/@stoplight/ordered-object-literal": {
      "version": "1.0.5",
      "resolved": "https://registry.npmjs.org/@stoplight/ordered-object-literal/-/ordered-object-literal-1.0.5.tgz",
      "integrity": "sha512-COTiuCU5bgMUtbIFBuyyh2/yVVzlr5Om0v5utQDgBCuQUOPgU1DwoffkTfg4UBQOvByi5foF4w4T+H9CoRe5wg==",
      "engines": {
        "node": ">=8"
      }
    },
    "node_modules/@stoplight/types": {
      "version": "14.1.1",
      "resolved": "https://registry.npmjs.org/@stoplight/types/-/types-14.1.1.tgz",
      "integrity": "sha512-/kjtr+0t0tjKr+heVfviO9FrU/uGLc+QNX3fHJc19xsCNYqU7lVhaXxDmEID9BZTjG+/r9pK9xP/xU02XGg65g==",
      "dependencies": {
        "@types/json-schema": "^7.0.4",
        "utility-types": "^3.10.0"
      },
      "engines": {
        "node": "^12.20 || >=14.13"
      }
    },
    "node_modules/@stoplight/yaml": {
      "version": "4.3.0",
      "resolved": "https://registry.npmjs.org/@stoplight/yaml/-/yaml-4.3.0.tgz",
      "integrity": "sha512-JZlVFE6/dYpP9tQmV0/ADfn32L9uFarHWxfcRhReKUnljz1ZiUM5zpX+PH8h5CJs6lao3TuFqnPm9IJJCEkE2w==",
      "dependencies": {
        "@stoplight/ordered-object-literal": "^1.0.5",
        "@stoplight/types": "^14.1.1",
        "@stoplight/yaml-ast-parser": "0.0.50",
        "tslib": "^2.2.0"
      },
      "engines": {
        "node": ">=10.8"
      }
    },
    "node_modules/@stoplight/yaml-ast-parser": {
      "version": "0.0.50",
      "resolved": "https://registry.npmjs.org/@stoplight/yaml-ast-parser/-/yaml-ast-parser-0.0.50.tgz",
      "integrity": "sha512-Pb6M8TDO9DtSVla9yXSTAxmo9GVEouq5P40DWXdOie69bXogZTkgvopCq+yEvTMA0F6PEvdJmbtTV3ccIp11VQ=="
    },
    "node_modules/@types/json-schema": {
      "version": "7.0.15",
      "resolved": "https://registry.npmjs.org/@types/json-schema/-/json-schema-7.0.15.tgz",
      "integrity": "sha512-5+fP8P8MFNC+AyZCDxrB2pkZFPGzqQWUzpSeuuVLvm8VMcorNYavBqoFcxK8bQz4Qsbn4oUEEem4wDLfcysGHA=="
    },
    "node_modules/api-ref-bundler": {
      "version": "0.4.3",
      "resolved": "https://registry.npmjs.org/api-ref-bundler/-/api-ref-bundler-0.4.3.tgz",
      "integrity": "sha512-FHzgrNIg7CHw59tl0GVdc7jng+ORiDGgcm6+EDANKqfMjFQY570GJMT0/89/dYloPN3w7zBTKURnIEcA2sTCXg==",
      "dependencies": {
        "json-crawl": "0.4.2"
      },
      "engines": {
        "node": ">=16.0.0"
      }
    },
    "node_modules/case-anything": {
      "version": "2.1.10",
      "resolved": "https://registry.npmjs.org/case-anything/-/case-anything-2.1.10.tgz",
      "integrity": "sha512-JczJwVrCP0jPKh05McyVsuOg6AYosrB9XWZKbQzXeDAm2ClE/PJE/BcrrQrVyGYH7Jg8V/LDupmyL4kFlVsVFQ==",
      "engines": {
        "node": ">=12.13"
      },
      "funding": {
        "url": "https://github.com/sponsors/mesqueeb"
      }
    },
    "node_modules/commander": {
      "version": "7.2.0",
      "resolved": "https://registry.npmjs.org/commander/-/commander-7.2.0.tgz",
      "integrity": "sha512-QrWXB+ZQSVPmIWIhtEO9H+gwHaMGYiF5ChvoJ+K9ZGHG/sVsa6yiesAD1GC/x46sET00Xlwo1u49RVVVzvcSkw==",
      "engines": {
        "node": ">= 10"
      }
    },
    "node_modules/jsep": {
      "version": "1.4.0",
      "resolved": "https://registry.npmjs.org/jsep/-/jsep-1.4.0.tgz",
      "integrity": "sha512-B7qPcEVE3NVkmSJbaYxvv4cHkVW7DQsZz13pUMrfS8z8Q/BuShN+gcTXrUlPiGqM2/t/EEaI030bpxMqY8gMlw==",
      "license": "MIT",
      "engines": {
        "node": ">= 10.16.0"
      }
    },
    "node_modules/json-crawl": {
      "version": "0.4.2",
      "resolved": "https://registry.npmjs.org/json-crawl/-/json-crawl-0.4.2.tgz",
      "integrity": "sha512-MOKk9cjtpMrP4H1DmG+PtS7aFWg9OuSqxc/wpFcOE++yVnD5Bi5iKoXD6oqs+kltRwJRgZBYMozRNpQpxD/TJw==",
      "engines": {
        "node": ">=14.0.0"
      }
    },
    "node_modules/jsonpath-plus": {
      "version": "10.3.0",
      "resolved": "https://registry.npmjs.org/jsonpath-plus/-/jsonpath-plus-10.3.0.tgz",
      "integrity": "sha512-8TNmfeTCk2Le33A3vRRwtuworG/L5RrgMvdjhKZxvyShO+mBu2fP50OWUjRLNtvw344DdDarFh9buFAZs5ujeA==",
      "license": "MIT",
      "dependencies": {
        "@jsep-plugin/assignment": "^1.3.0",
        "@jsep-plugin/regex": "^1.0.4",
        "jsep": "^1.4.0"
      },
      "bin": {
        "jsonpath": "bin/jsonpath-cli.js",
        "jsonpath-plus": "bin/jsonpath-cli.js"
      },
      "engines": {
        "node": ">=18.0.0"
      }
    },
    "node_modules/neotraverse": {
      "version": "0.6.18",
      "resolved": "https://registry.npmjs.org/neotraverse/-/neotraverse-0.6.18.tgz",
      "integrity": "sha512-Z4SmBUweYa09+o6pG+eASabEpP6QkQ70yHj351pQoEXIs8uHbaU2DWVmzBANKgflPa47A50PtB2+NgRpQvr7vA==",
      "engines": {
        "node": ">= 10"
      }
    },
    "node_modules/openapi-format": {
      "version": "1.25.4",
      "resolved": "https://registry.npmjs.org/openapi-format/-/openapi-format-1.25.4.tgz",
      "integrity": "sha512-9LQ32o+eVzO3oNhNRlkzgK3xnWS9KLO8udMHzmUA+yBraQgBrQpqI2kkgh5MT4/uzJ+9S4oqqpqwALjOrjLYww==",
      "license": "MIT",
      "dependencies": {
        "@stoplight/yaml": "^4.3.0",
        "api-ref-bundler": "^0.4.3",
        "case-anything": "2.1.10",
        "commander": "^7.2.0",
        "jsonpath-plus": "^10.3.0",
        "neotraverse": "^0.6.18"
      },
      "bin": {
        "openapi-format": "bin/cli.js"
      },
      "engines": {
        "node": ">=18"
      }
    },
    "node_modules/tslib": {
      "version": "2.7.0",
      "resolved": "https://registry.npmjs.org/tslib/-/tslib-2.7.0.tgz",
      "integrity": "sha512-gLXCKdN1/j47AiHiOkJN69hJmcbGTHI0ImLmbYLHykhgeN0jVGola9yVjFgzCUklsZQMW55o+dW7IXv3RCXDzA=="
    },
    "node_modules/utility-types": {
      "version": "3.11.0",
      "resolved": "https://registry.npmjs.org/utility-types/-/utility-types-3.11.0.tgz",
      "integrity": "sha512-6Z7Ma2aVEWisaL6TvBCy7P8rm2LQoPv6dJ7ecIaIixHcwfbJ0x7mWdbcwlIM5IGQxPZSFYeqRCqlOOeKoJYMkw==",
      "engines": {
        "node": ">= 4"
      }
    }
  },
  "dependencies": {
    "@jsep-plugin/assignment": {
      "version": "1.3.0",
      "resolved": "https://registry.npmjs.org/@jsep-plugin/assignment/-/assignment-1.3.0.tgz",
      "integrity": "sha512-VVgV+CXrhbMI3aSusQyclHkenWSAm95WaiKrMxRFam3JSUiIaQjoMIw2sEs/OX4XifnqeQUN4DYbJjlA8EfktQ==",
      "requires": {}
    },
    "@jsep-plugin/regex": {
      "version": "1.0.4",
      "resolved": "https://registry.npmjs.org/@jsep-plugin/regex/-/regex-1.0.4.tgz",
      "integrity": "sha512-q7qL4Mgjs1vByCaTnDFcBnV9HS7GVPJX5vyVoCgZHNSC9rjwIlmbXG5sUuorR5ndfHAIlJ8pVStxvjXHbNvtUg==",
      "requires": {}
    },
    "@stoplight/ordered-object-literal": {
      "version": "1.0.5",
      "resolved": "https://registry.npmjs.org/@stoplight/ordered-object-literal/-/ordered-object-literal-1.0.5.tgz",
      "integrity": "sha512-COTiuCU5bgMUtbIFBuyyh2/yVVzlr5Om0v5utQDgBCuQUOPgU1DwoffkTfg4UBQOvByi5foF4w4T+H9CoRe5wg=="
    },
    "@stoplight/types": {
      "version": "14.1.1",
      "resolved": "https://registry.npmjs.org/@stoplight/types/-/types-14.1.1.tgz",
      "integrity": "sha512-/kjtr+0t0tjKr+heVfviO9FrU/uGLc+QNX3fHJc19xsCNYqU7lVhaXxDmEID9BZTjG+/r9pK9xP/xU02XGg65g==",
      "requires": {
        "@types/json-schema": "^7.0.4",
        "utility-types": "^3.10.0"
      }
    },
    "@stoplight/yaml": {
      "version": "4.3.0",
      "resolved": "https://registry.npmjs.org/@stoplight/yaml/-/yaml-4.3.0.tgz",
      "integrity": "sha512-JZlVFE6/dYpP9tQmV0/ADfn32L9uFarHWxfcRhReKUnljz1ZiUM5zpX+PH8h5CJs6lao3TuFqnPm9IJJCEkE2w==",
      "requires": {
        "@stoplight/ordered-object-literal": "^1.0.5",
        "@stoplight/types": "^14.1.1",
        "@stoplight/yaml-ast-parser": "0.0.50",
        "tslib": "^2.2.0"
      }
    },
    "@stoplight/yaml-ast-parser": {
      "version": "0.0.50",
      "resolved": "https://registry.npmjs.org/@stoplight/yaml-ast-parser/-/yaml-ast-parser-0.0.50.tgz",
      "integrity": "sha512-Pb6M8TDO9DtSVla9yXSTAxmo9GVEouq5P40DWXdOie69bXogZTkgvopCq+yEvTMA0F6PEvdJmbtTV3ccIp11VQ=="
    },
    "@types/json-schema": {
      "version": "7.0.15",
      "resolved": "https://registry.npmjs.org/@types/json-schema/-/json-schema-7.0.15.tgz",
      "integrity": "sha512-5+fP8P8MFNC+AyZCDxrB2pkZFPGzqQWUzpSeuuVLvm8VMcorNYavBqoFcxK8bQz4Qsbn4oUEEem4wDLfcysGHA=="
    },
    "api-ref-bundler": {
      "version": "0.4.3",
      "resolved": "https://registry.npmjs.org/api-ref-bundler/-/api-ref-bundler-0.4.3.tgz",
      "integrity": "sha512-FHzgrNIg7CHw59tl0GVdc7jng+ORiDGgcm6+EDANKqfMjFQY570GJMT0/89/dYloPN3w7zBTKURnIEcA2sTCXg==",
      "requires": {
        "json-crawl": "0.4.2"
      }
    },
    "case-anything": {
      "version": "2.1.10",
      "resolved": "https://registry.npmjs.org/case-anything/-/case-anything-2.1.10.tgz",
      "integrity": "sha512-JczJwVrCP0jPKh05McyVsuOg6AYosrB9XWZKbQzXeDAm2ClE/PJE/BcrrQrVyGYH7Jg8V/LDupmyL4kFlVsVFQ=="
    },
    "commander": {
      "version": "7.2.0",
      "resolved": "https://registry.npmjs.org/commander/-/commander-7.2.0.tgz",
      "integrity": "sha512-QrWXB+ZQSVPmIWIhtEO9H+gwHaMGYiF5ChvoJ+K9ZGHG/sVsa6yiesAD1GC/x46sET00Xlwo1u49RVVVzvcSkw=="
    },
    "jsep": {
      "version": "1.4.0",
      "resolved": "https://registry.npmjs.org/jsep/-/jsep-1.4.0.tgz",
      "integrity": "sha512-B7qPcEVE3NVkmSJbaYxvv4cHkVW7DQsZz13pUMrfS8z8Q/BuShN+gcTXrUlPiGqM2/t/EEaI030bpxMqY8gMlw=="
    },
    "json-crawl": {
      "version": "0.4.2",
      "resolved": "https://registry.npmjs.org/json-crawl/-/json-crawl-0.4.2.tgz",
      "integrity": "sha512-MOKk9cjtpMrP4H1DmG+PtS7aFWg9OuSqxc/wpFcOE++yVnD5Bi5iKoXD6oqs+kltRwJRgZBYMozRNpQpxD/TJw=="
    },
    "jsonpath-plus": {
      "version": "10.3.0",
      "resolved": "https://registry.npmjs.org/jsonpath-plus/-/jsonpath-plus-10.3.0.tgz",
      "integrity": "sha512-8TNmfeTCk2Le33A3vRRwtuworG/L5RrgMvdjhKZxvyShO+mBu2fP50OWUjRLNtvw344DdDarFh9buFAZs5ujeA==",
      "requires": {
        "@jsep-plugin/assignment": "^1.3.0",
        "@jsep-plugin/regex": "^1.0.4",
        "jsep": "^1.4.0"
      }
    },
    "neotraverse": {
      "version": "0.6.18",
      "resolved": "https://registry.npmjs.org/neotraverse/-/neotraverse-0.6.18.tgz",
      "integrity": "sha512-Z4SmBUweYa09+o6pG+eASabEpP6QkQ70yHj351pQoEXIs8uHbaU2DWVmzBANKgflPa47A50PtB2+NgRpQvr7vA=="
    },
    "openapi-format": {
      "version": "1.25.4",
      "resolved": "https://registry.npmjs.org/openapi-format/-/openapi-format-1.25.4.tgz",
      "integrity": "sha512-9LQ32o+eVzO3oNhNRlkzgK3xnWS9KLO8udMHzmUA+yBraQgBrQpqI2kkgh5MT4/uzJ+9S4oqqpqwALjOrjLYww==",
      "requires": {
        "@stoplight/yaml": "^4.3.0",
        "api-ref-bundler": "^0.4.3",
        "case-anything": "2.1.10",
        "commander": "^7.2.0",
        "jsonpath-plus": "^10.3.0",
        "neotraverse": "^0.6.18"
      }
    },
    "tslib": {
      "version": "2.7.0",
      "resolved": "https://registry.npmjs.org/tslib/-/tslib-2.7.0.tgz",
      "integrity": "sha512-gLXCKdN1/j47AiHiOkJN69hJmcbGTHI0ImLmbYLHykhgeN0jVGola9yVjFgzCUklsZQMW55o+dW7IXv3RCXDzA=="
    },
    "utility-types": {
      "version": "3.11.0",
      "resolved": "https://registry.npmjs.org/utility-types/-/utility-types-3.11.0.tgz",
      "integrity": "sha512-6Z7Ma2aVEWisaL6TvBCy7P8rm2LQoPv6dJ7ecIaIixHcwfbJ0x7mWdbcwlIM5IGQxPZSFYeqRCqlOOeKoJYMkw=="
    }
  }
}
